
Microsoft Visual Studio Solution File, Format Version 12.00
# Visual Studio Version 17
VisualStudioVersion = 17.13.35931.197 d17.13
MinimumVisualStudioVersion = 10.0.40219.1
Project("{FAE04EC0-301F-11D3-BF4B-00C04F79EFBC}") = "ClinicManagement", "ClinicManagement\ClinicManagement.csproj", "{5A682A99-8F77-44A0-8160-91E14D266D4F}"
EndProject
Global
	GlobalSection(SolutionConfigurationPlatforms) = preSolution
		Debug|Any CPU = Debug|Any CPU
		Release|Any CPU = Release|Any CPU
	EndGlobalSection
	GlobalSection(ProjectConfigurationPlatforms) = postSolution
		{5A682A99-8F77-44A0-8160-91E14D266D4F}.Debug|Any CPU.ActiveCfg = Debug|Any CPU
		{5A682A99-8F77-44A0-8160-91E14D266D4F}.Debug|Any CPU.Build.0 = Debug|Any CPU
		{5A682A99-8F77-44A0-8160-91E14D266D4F}.Release|Any CPU.ActiveCfg = Release|Any CPU
		{5A682A99-8F77-44A0-8160-91E14D266D4F}.Release|Any CPU.Build.0 = Release|Any CPU
	EndGlobalSection
	GlobalSection(SolutionProperties) = preSolution
		HideSolutionNode = FALSE
	EndGlobalSection
	GlobalSection(ExtensibilityGlobals) = postSolution
		SolutionGuid = {B495C62C-D7E8-4F98-BFFB-BEF61ECFCB2E}
	EndGlobalSection
EndGlobal
